
Microsoft Visual Studio Solution File, Format Version 12.00
# Visual Studio Version 16
VisualStudioVersion = 16.0.31911.196
MinimumVisualStudioVersion = 10.0.40219.1
Project("{9A19103F-16F7-4668-BE54-9A1E7A4F7556}") = "eShop.Web", "eShop.Web\eShop.Web.csproj", "{DEE53FFB-54E9-475E-969F-8808ACC4412A}"
EndProject
Project("{9A19103F-16F7-4668-BE54-9A1E7A4F7556}") = "eShop.CoreBusiness", "..\eShop.CoreBusiness\eShop.CoreBusiness.csproj", "{5B80A13D-A6A9-4193-AC2F-D62217574C39}"
EndProject
Project("{9A19103F-16F7-4668-BE54-9A1E7A4F7556}") = "eShop.UseCases", "..\eShop.UseCases\eShop.UseCases.csproj", "{64BF9CC2-B826-429B-9C55-85E05F8CD94B}"
EndProject
Project("{2150E333-8FDC-42A3-9474-1A3956D46DE8}") = "Plugins", "Plugins", "{0758136A-D1E2-4F10-88F0-CCA124CBFC32}"
EndProject
Project("{9A19103F-16F7-4668-BE54-9A1E7A4F7556}") = "eShop.DataStore.HardCoded", "..\Plugins\eShop.DataStore.HardCoded\eShop.DataStore.HardCoded.csproj", "{35CB9571-461F-4BF1-A628-59A82A955E0F}"
EndProject
Project("{2150E333-8FDC-42A3-9474-1A3956D46DE8}") = "eShop.Web.Modules", "eShop.Web.Modules", "{4E50993E-9D9C-4AC1-B8D9-F859B934388E}"
EndProject
Project("{9A19103F-16F7-4668-BE54-9A1E7A4F7556}") = "eShop.Web.Common", "..\eShop.Web.Modules\eShop.Web.Common\eShop.Web.Common.csproj", "{F15A85D1-1AB7-4112-AFD5-BD610BA7D1C3}"
EndProject
Project("{9A19103F-16F7-4668-BE54-9A1E7A4F7556}") = "eShop.Web.CustomerPortal", "..\eShop.Web.Modules\eShop.Web.CustomerPortal\eShop.Web.CustomerPortal.csproj", "{6EEE0BF3-AA50-4EDC-A75C-C8984EE49A12}"
EndProject
Project("{9A19103F-16F7-4668-BE54-9A1E7A4F7556}") = "eShop.Web.AdminPortal", "..\eShop.Web.Modules\eShop.Web.AdminPortal\eShop.Web.AdminPortal.csproj", "{35F41DE4-02DD-496F-B439-92167A750A62}"
EndProject
Project("{FAE04EC0-301F-11D3-BF4B-00C04F79EFBC}") = "eShop.ShoppingCart.LocalStorage", "..\Plugins\eShop.ShoppingCart.LocalStorage\eShop.ShoppingCart.LocalStorage.csproj", "{485116FF-7DD0-4251-92A7-0625575DF3E6}"
EndProject
Global
	GlobalSection(SolutionConfigurationPlatforms) = preSolution
		Debug|Any CPU = Debug|Any CPU
		Release|Any CPU = Release|Any CPU
	EndGlobalSection
	GlobalSection(ProjectConfigurationPlatforms) = postSolution
		{DEE53FFB-54E9-475E-969F-8808ACC4412A}.Debug|Any CPU.ActiveCfg = Debug|Any CPU
		{DEE53FFB-54E9-475E-969F-8808ACC4412A}.Debug|Any CPU.Build.0 = Debug|Any CPU
		{DEE53FFB-54E9-475E-969F-8808ACC4412A}.Release|Any CPU.ActiveCfg = Release|Any CPU
		{DEE53FFB-54E9-475E-969F-8808ACC4412A}.Release|Any CPU.Build.0 = Release|Any CPU
		{5B80A13D-A6A9-4193-AC2F-D62217574C39}.Debug|Any CPU.ActiveCfg = Debug|Any CPU
		{5B80A13D-A6A9-4193-AC2F-D62217574C39}.Debug|Any CPU.Build.0 = Debug|Any CPU
		{5B80A13D-A6A9-4193-AC2F-D62217574C39}.Release|Any CPU.ActiveCfg = Release|Any CPU
		{5B80A13D-A6A9-4193-AC2F-D62217574C39}.Release|Any CPU.Build.0 = Release|Any CPU
		{64BF9CC2-B826-429B-9C55-85E05F8CD94B}.Debug|Any CPU.ActiveCfg = Debug|Any CPU
		{64BF9CC2-B826-429B-9C55-85E05F8CD94B}.Debug|Any CPU.Build.0 = Debug|Any CPU
		{64BF9CC2-B826-429B-9C55-85E05F8CD94B}.Release|Any CPU.ActiveCfg = Release|Any CPU
		{64BF9CC2-B826-429B-9C55-85E05F8CD94B}.Release|Any CPU.Build.0 = Release|Any CPU
		{35CB9571-461F-4BF1-A628-59A82A955E0F}.Debug|Any CPU.ActiveCfg = Debug|Any CPU
		{35CB9571-461F-4BF1-A628-59A82A955E0F}.Debug|Any CPU.Build.0 = Debug|Any CPU
		{35CB9571-461F-4BF1-A628-59A82A955E0F}.Release|Any CPU.ActiveCfg = Release|Any CPU
		{35CB9571-461F-4BF1-A628-59A82A955E0F}.Release|Any CPU.Build.0 = Release|Any CPU
		{F15A85D1-1AB7-4112-AFD5-BD610BA7D1C3}.Debug|Any CPU.ActiveCfg = Debug|Any CPU
		{F15A85D1-1AB7-4112-AFD5-BD610BA7D1C3}.Debug|Any CPU.Build.0 = Debug|Any CPU
		{F15A85D1-1AB7-4112-AFD5-BD610BA7D1C3}.Release|Any CPU.ActiveCfg = Release|Any CPU
		{F15A85D1-1AB7-4112-AFD5-BD610BA7D1C3}.Release|Any CPU.Build.0 = Release|Any CPU
		{6EEE0BF3-AA50-4EDC-A75C-C8984EE49A12}.Debug|Any CPU.ActiveCfg = Debug|Any CPU
		{6EEE0BF3-AA50-4EDC-A75C-C8984EE49A12}.Debug|Any CPU.Build.0 = Debug|Any CPU
		{6EEE0BF3-AA50-4EDC-A75C-C8984EE49A12}.Release|Any CPU.ActiveCfg = Release|Any CPU
		{6EEE0BF3-AA50-4EDC-A75C-C8984EE49A12}.Release|Any CPU.Build.0 = Release|Any CPU
		{35F41DE4-02DD-496F-B439-92167A750A62}.Debug|Any CPU.ActiveCfg = Debug|Any CPU
		{35F41DE4-02DD-496F-B439-92167A750A62}.Debug|Any CPU.Build.0 = Debug|Any CPU
		{35F41DE4-02DD-496F-B439-92167A750A62}.Release|Any CPU.ActiveCfg = Release|Any CPU
		{35F41DE4-02DD-496F-B439-92167A750A62}.Release|Any CPU.Build.0 = Release|Any CPU
		{485116FF-7DD0-4251-92A7-0625575DF3E6}.Debug|Any CPU.ActiveCfg = Debug|Any CPU
		{485116FF-7DD0-4251-92A7-0625575DF3E6}.Debug|Any CPU.Build.0 = Debug|Any CPU
		{485116FF-7DD0-4251-92A7-0625575DF3E6}.Release|Any CPU.ActiveCfg = Release|Any CPU
		{485116FF-7DD0-4251-92A7-0625575DF3E6}.Release|Any CPU.Build.0 = Release|Any CPU
	EndGlobalSection
	GlobalSection(SolutionProperties) = preSolution
		HideSolutionNode = FALSE
	EndGlobalSection
	GlobalSection(NestedProjects) = preSolution
		{35CB9571-461F-4BF1-A628-59A82A955E0F} = {0758136A-D1E2-4F10-88F0-CCA124CBFC32}
		{F15A85D1-1AB7-4112-AFD5-BD610BA7D1C3} = {4E50993E-9D9C-4AC1-B8D9-F859B934388E}
		{6EEE0BF3-AA50-4EDC-A75C-C8984EE49A12} = {4E50993E-9D9C-4AC1-B8D9-F859B934388E}
		{35F41DE4-02DD-496F-B439-92167A750A62} = {4E50993E-9D9C-4AC1-B8D9-F859B934388E}
		{485116FF-7DD0-4251-92A7-0625575DF3E6} = {0758136A-D1E2-4F10-88F0-CCA124CBFC32}
	EndGlobalSection
	GlobalSection(ExtensibilityGlobals) = postSolution
		SolutionGuid = {E9240CD8-EEE8-4DAC-BE10-4B69614D67DC}
	EndGlobalSection
EndGlobal
